hash: 683726802147f81737c1155b3e2ed039d816e1053bcd8c91b33e6453e8c8df11
updated: 2017-06-02T16:44:08.204686834Z
imports:
- name: github.com/cactus/go-statsd-client
  version: 0989daee24d5c86a37550a21f4ecb133fa4b05eb
  subpackages:
  - statsd
- name: github.com/davecgh/go-spew
  version: 0989daee24d5c86a37550a21f4ecb133fa4b05eb
  subpackages:
  - spew
- name: github.com/eapache/go-resiliency
  version: 0989daee24d5c86a37550a21f4ecb133fa4b05eb
  subpackages:
  - breaker
- name: github.com/eapache/go-xerial-snappy
  version: 0989daee24d5c86a37550a21f4ecb133fa4b05eb
- name: github.com/eapache/queue
  version: 0989daee24d5c86a37550a21f4ecb133fa4b05eb
- name: github.com/fsnotify/fsnotify
  version: ""
- name: github.com/go-sql-driver/mysql
  version: ""
- name: github.com/golang/protobuf
  version: 5a0f697c9ed9d68fef0116532c6e05cfeae00e55
  subpackages:
  - proto
- name: github.com/golang/snappy
  version: 0989daee24d5c86a37550a21f4ecb133fa4b05eb
- name: github.com/juju/errors
  version: ""
- name: github.com/klauspost/crc32
  version: 0989daee24d5c86a37550a21f4ecb133fa4b05eb
- name: github.com/linkedin/goavro
  version: ""
- name: github.com/ngaut/log
  version: ""
- name: github.com/pierrec/lz4
  version: 0989daee24d5c86a37550a21f4ecb133fa4b05eb
- name: github.com/pierrec/xxHash
  version: 0989daee24d5c86a37550a21f4ecb133fa4b05eb
  subpackages:
  - xxHash32
- name: github.com/rcrowley/go-metrics
  version: 0989daee24d5c86a37550a21f4ecb133fa4b05eb
- name: github.com/satori/go.uuid
  version: 0989daee24d5c86a37550a21f4ecb133fa4b05eb
- name: github.com/Shopify/sarama
  version: ""
- name: github.com/siddontang/go
  version: ""
  subpackages:
  - hack
  - ioutil2
  - sync2
- name: github.com/siddontang/go-mysql
  version: 0989daee24d5c86a37550a21f4ecb133fa4b05eb
  subpackages:
  - mysql
  - replication
  - client
  - packet
- name: github.com/Sirupsen/logrus
  version: 0989daee24d5c86a37550a21f4ecb133fa4b05eb
- name: github.com/uber-common/bark
  version: 0989daee24d5c86a37550a21f4ecb133fa4b05eb
- name: go.uber.org/atomic
  version: ""
- name: go.uber.org/zap
  version: ""
  subpackages:
  - zapcore
  - internal/bufferpool
  - internal/multierror
  - buffer
  - internal/color
  - internal/exit
- name: golang.org/x/net
  version: 0989daee24d5c86a37550a21f4ecb133fa4b05eb
  subpackages:
  - context
- name: golang.org/x/sys
  version: 0989daee24d5c86a37550a21f4ecb133fa4b05eb
  subpackages:
  - unix
- name: google.golang.org/appengine
  version: a2f4131514e563cedfdb6e7d267df9ad48591e93
  subpackages:
  - datastore
  - internal
  - internal/datastore
  - internal/app_identity
  - internal/modules
  - internal/base
  - internal/log
  - internal/remote_api
- name: gopkg.in/vmihailenco/msgpack.v2
  version: f4f8982de4ef0de18be76456617cc3f5d8d8141e
  subpackages:
  - codes
- name: gopkg.in/yaml.v2
  version: 0989daee24d5c86a37550a21f4ecb133fa4b05eb
devImports: []
